PODS:
  - AdFitSDK (3.12.7)
  - Flutter (1.0.0)
  - flutter_adfit (0.0.3):
    - AdFitSDK (~> 3.12.7)
    - Flutter

DEPENDENCIES:
  - Flutter (from `Flutter`)
  - flutter_adfit (from `.symlinks/plugins/flutter_adfit/ios`)

SPEC REPOS:
  trunk:
    - AdFitSDK

EXTERNAL SOURCES:
  Flutter:
    :path: Flutter
  flutter_adfit:
    :path: ".symlinks/plugins/flutter_adfit/ios"

SPEC CHECKSUMS:
  AdFitSDK: dc7a5a2ed6e432355d7429eed27c8f88d46da4cd
  Flutter: f04841e97a9d0b0a8025694d0796dd46242b2854
  flutter_adfit: 150d2c3a441c0e21f509352a6bbbb9743cd0f0e0

PODFILE CHECKSUM: 7adbc9d59f05e1b01f554ea99b6c79e97f2214a2

COCOAPODS: 1.11.3
